{
  "name": "package-user-demo",
  "version": "1.0.0",
  "lockfileVersion": 3,
  "requires": true,
  "packages": {
    "": {
      "name": "package-user-demo",
      "version": "1.0.0",
      "license": "ISC",
      "dependencies": {
        "webpack-demo": "file:../webpack-demo"
      }
    },
    "../webpack-demo": {
      "version": "1.0.0",
      "license": "ISC",
      "devDependencies": {
        "css-loader": "^7.1.2",
        "style-loader": "^4.0.0",
        "webpack": "^5.102.1",
        "webpack-cli": "^6.0.1"
      }
    },
    "node_modules/webpack-demo": {
      "resolved": "../webpack-demo",
      "link": true
    }
  }
}
